<?xml version="1.0" encoding="UTF-8" standalone="yes" ?>
<CodeBlocks_project_file>
	<FileVersion major="1" minor="6" />
	<Project>
		<Option title="AutoTaskCreator" />
		<Option pch_mode="2" />
		<Option compiler="gcc" />
		<Build>
			<Target title="Debug">
				<Option output="bin/Debug/AutoTaskCreator" prefix_auto="1" extension_auto="1" />
				<Option object_output="obj/Debug/" />
				<Option type="1" />
				<Option compiler="gcc" />
				<Compiler>
					<Add option="-g" />
				</Compiler>
			</Target>
			<Target title="Release">
				<Option output="bin/Release/AutoTaskCreator" prefix_auto="1" extension_auto="1" />
				<Option object_output="obj/Release/" />
				<Option type="1" />
				<Option compiler="gcc" />
				<Compiler>
					<Add option="-O2" />
				</Compiler>
				<Linker>
					<Add option="-s" />
				</Linker>
			</Target>
		</Build>
		<Compiler>
			<Add option="-Wall" />
			<Add option="-fexceptions" />
		</Compiler>
		<Unit filename="main.cpp" />
		<Unit filename="modules/classes/banlists_class.h" />
		<Unit filename="modules/classes/clients_class.h" />
		<Unit filename="modules/classes/settings_class.h" />
		<Unit filename="modules/classes/statistics_class.h" />
		<Unit filename="modules/config/config.rc">
			<Option compilerVar="WINDRES" />
		</Unit>
		<Unit filename="modules/libs/additional_functions.h" />
		<Unit filename="modules/libs/clickcatcher.h" />
		<Unit filename="modules/menu_forms/Menu_Formation_order.h" />
		<Unit filename="modules/menu_forms/Menu_Search_tasks.h" />
		<Unit filename="modules/menu_forms/Menu_Settings.h" />
		<Unit filename="modules/menu_forms/Menu_Statistics.h" />
		<Unit filename="modules/parser_GnuWin32/bin/libeay32.dll" />
		<Unit filename="modules/parser_GnuWin32/bin/libiconv2.dll" />
		<Unit filename="modules/parser_GnuWin32/bin/libintl3.dll" />
		<Unit filename="modules/parser_GnuWin32/bin/libssl32.dll" />
		<Unit filename="modules/parser_GnuWin32/bin/wget.exe" />
		<Unit filename="modules/parser_GnuWin32/contrib/wget/1.11.4/wget-1.11.4-1-GnuWin32.README" />
		<Unit filename="modules/parser_GnuWin32/contrib/wget/1.11.4/wget-1.11.4-src/AUTHORS" />
		<Unit filename="modules/parser_GnuWin32/contrib/wget/1.11.4/wget-1.11.4-src/COPYING" />
		<Unit filename="modules/parser_GnuWin32/contrib/wget/1.11.4/wget-1.11.4-src/ChangeLog" />
		<Unit filename="modules/parser_GnuWin32/contrib/wget/1.11.4/wget-1.11.4-src/ChangeLog.README" />
		<Unit filename="modules/parser_GnuWin32/contrib/wget/1.11.4/wget-1.11.4-src/INSTALL" />
		<Unit filename="modules/parser_GnuWin32/contrib/wget/1.11.4/wget-1.11.4-src/NEWS" />
		<Unit filename="modules/parser_GnuWin32/contrib/wget/1.11.4/wget-1.11.4-src/README" />
		<Unit filename="modules/parser_GnuWin32/contrib/wget/1.11.4/wget-1.11.4-src/doc/ChangeLog" />
		<Unit filename="modules/parser_GnuWin32/contrib/wget/1.11.4/wget-1.11.4-src/doc/wget.info" />
		<Unit filename="modules/parser_GnuWin32/contrib/wget/1.11.4/wget-1.11.4-src/msdos/ChangeLog" />
		<Unit filename="modules/parser_GnuWin32/contrib/wget/1.11.4/wget-1.11.4-src/src/ChangeLog" />
		<Unit filename="modules/parser_GnuWin32/contrib/wget/1.11.4/wget-1.11.4-src/tests/ChangeLog" />
		<Unit filename="modules/parser_GnuWin32/contrib/wget/1.11.4/wget-1.11.4-src/tests/README" />
		<Unit filename="modules/parser_GnuWin32/contrib/wget/1.11.4/wget-1.11.4-src/util/README" />
		<Unit filename="modules/parser_GnuWin32/contrib/wget/1.11.4/wget-1.11.4-src/windows/ChangeLog" />
		<Unit filename="modules/parser_GnuWin32/contrib/wget/1.11.4/wget-1.11.4-src/windows/README" />
		<Unit filename="modules/parser_GnuWin32/doc/wget/1.11.4/wget-1.11.4/wget.chm" />
		<Unit filename="modules/parser_GnuWin32/doc/wget/1.11.4/wget-1.11.4/wget.dvi.gz" />
		<Unit filename="modules/parser_GnuWin32/doc/wget/1.11.4/wget-1.11.4/wget.hlp" />
		<Unit filename="modules/parser_GnuWin32/doc/wget/1.11.4/wget-1.11.4/wget.html" />
		<Unit filename="modules/parser_GnuWin32/doc/wget/1.11.4/wget-1.11.4/wget.pdf" />
		<Unit filename="modules/parser_GnuWin32/doc/wget/1.11.4/wget-1.11.4/wget.ps.gz" />
		<Unit filename="modules/parser_GnuWin32/etc/wgetrc" />
		<Unit filename="modules/parser_GnuWin32/info/wget.info.gz" />
		<Unit filename="modules/parser_GnuWin32/man/cat1/wget.1.txt" />
		<Unit filename="modules/parser_GnuWin32/man/html/wget.1.html" />
		<Unit filename="modules/parser_GnuWin32/man/man1/wget.1" />
		<Unit filename="modules/parser_GnuWin32/man/pdf/wget-man.pdf" />
		<Unit filename="modules/parser_GnuWin32/man/ps/wget-man.ps.gz" />
		<Unit filename="modules/parser_GnuWin32/manifest/wget-1.11.4-1-bin.mft" />
		<Unit filename="modules/parser_GnuWin32/manifest/wget-1.11.4-1-bin.ver" />
		<Unit filename="modules/parser_GnuWin32/manifest/wget-1.11.4-1-dep.mft" />
		<Unit filename="modules/parser_GnuWin32/manifest/wget-1.11.4-1-dep.ver" />
		<Unit filename="modules/parser_GnuWin32/manifest/wget-1.11.4-1-doc.mft" />
		<Unit filename="modules/parser_GnuWin32/manifest/wget-1.11.4-1-doc.ver" />
		<Unit filename="modules/parser_GnuWin32/share/locale/be/LC_MESSAGES/wget.mo" />
		<Unit filename="modules/parser_GnuWin32/share/locale/bg/LC_MESSAGES/wget.mo" />
		<Unit filename="modules/parser_GnuWin32/share/locale/ca/LC_MESSAGES/wget.mo" />
		<Unit filename="modules/parser_GnuWin32/share/locale/cs/LC_MESSAGES/wget.mo" />
		<Unit filename="modules/parser_GnuWin32/share/locale/da/LC_MESSAGES/wget.mo" />
		<Unit filename="modules/parser_GnuWin32/share/locale/de/LC_MESSAGES/wget.mo" />
		<Unit filename="modules/parser_GnuWin32/share/locale/el/LC_MESSAGES/wget.mo" />
		<Unit filename="modules/parser_GnuWin32/share/locale/en_GB/LC_MESSAGES/wget.mo" />
		<Unit filename="modules/parser_GnuWin32/share/locale/eo/LC_MESSAGES/wget.mo" />
		<Unit filename="modules/parser_GnuWin32/share/locale/es/LC_MESSAGES/wget.mo" />
		<Unit filename="modules/parser_GnuWin32/share/locale/et/LC_MESSAGES/wget.mo" />
		<Unit filename="modules/parser_GnuWin32/share/locale/eu/LC_MESSAGES/wget.mo" />
		<Unit filename="modules/parser_GnuWin32/share/locale/fi/LC_MESSAGES/wget.mo" />
		<Unit filename="modules/parser_GnuWin32/share/locale/fr/LC_MESSAGES/wget.mo" />
		<Unit filename="modules/parser_GnuWin32/share/locale/ga/LC_MESSAGES/wget.mo" />
		<Unit filename="modules/parser_GnuWin32/share/locale/gl/LC_MESSAGES/wget.mo" />
		<Unit filename="modules/parser_GnuWin32/share/locale/he/LC_MESSAGES/wget.mo" />
		<Unit filename="modules/parser_GnuWin32/share/locale/hr/LC_MESSAGES/wget.mo" />
		<Unit filename="modules/parser_GnuWin32/share/locale/hu/LC_MESSAGES/wget.mo" />
		<Unit filename="modules/parser_GnuWin32/share/locale/id/LC_MESSAGES/wget.mo" />
		<Unit filename="modules/parser_GnuWin32/share/locale/it/LC_MESSAGES/wget.mo" />
		<Unit filename="modules/parser_GnuWin32/share/locale/ja/LC_MESSAGES/wget.mo" />
		<Unit filename="modules/parser_GnuWin32/share/locale/nb/LC_MESSAGES/wget.mo" />
		<Unit filename="modules/parser_GnuWin32/share/locale/nl/LC_MESSAGES/wget.mo" />
		<Unit filename="modules/parser_GnuWin32/share/locale/pl/LC_MESSAGES/wget.mo" />
		<Unit filename="modules/parser_GnuWin32/share/locale/pt/LC_MESSAGES/wget.mo" />
		<Unit filename="modules/parser_GnuWin32/share/locale/pt_BR/LC_MESSAGES/wget.mo" />
		<Unit filename="modules/parser_GnuWin32/share/locale/ro/LC_MESSAGES/wget.mo" />
		<Unit filename="modules/parser_GnuWin32/share/locale/ru/LC_MESSAGES/wget.mo" />
		<Unit filename="modules/parser_GnuWin32/share/locale/sk/LC_MESSAGES/wget.mo" />
		<Unit filename="modules/parser_GnuWin32/share/locale/sl/LC_MESSAGES/wget.mo" />
		<Unit filename="modules/parser_GnuWin32/share/locale/sr/LC_MESSAGES/wget.mo" />
		<Unit filename="modules/parser_GnuWin32/share/locale/sv/LC_MESSAGES/wget.mo" />
		<Unit filename="modules/parser_GnuWin32/share/locale/tr/LC_MESSAGES/wget.mo" />
		<Unit filename="modules/parser_GnuWin32/share/locale/uk/LC_MESSAGES/wget.mo" />
		<Unit filename="modules/parser_GnuWin32/share/locale/vi/LC_MESSAGES/wget.mo" />
		<Unit filename="modules/parser_GnuWin32/share/locale/zh_CN/LC_MESSAGES/wget.mo" />
		<Unit filename="modules/parser_GnuWin32/share/locale/zh_TW/LC_MESSAGES/wget.mo" />
		<Unit filename="modules/parser_GnuWin32/uninstall/unins000.dat" />
		<Unit filename="modules/parser_GnuWin32/uninstall/unins000.exe" />
		<Extensions>
			<code_completion />
			<envvars />
			<debugger />
			<lib_finder disable_auto="1" />
		</Extensions>
	</Project>
</CodeBlocks_project_file>
